
Microsoft Visual Studio Solution File, Format Version 12.00
# Visual Studio Version 17
VisualStudioVersion = 17.4.33205.214
MinimumVisualStudioVersion = 10.0.40219.1
Project("{9A19103F-16F7-4668-BE54-9A1E7A4F7556}") = "Elastic.Kibana.Serilog", "..\..\..\Downloads\elastic-kibana-netcore-serilog-master\elastic-kibana-netcore-serilog-master\src\Elastic.Kibana.Serilog\Elastic.Kibana.Serilog.csproj", "{B18DD71A-D456-4D40-905E-83FFDDA54955}"
EndProject
Global
	GlobalSection(SolutionConfigurationPlatforms) = preSolution
		Debug|Any CPU = Debug|Any CPU
		Release|Any CPU = Release|Any CPU
	EndGlobalSection
	GlobalSection(ProjectConfigurationPlatforms) = postSolution
		{B18DD71A-D456-4D40-905E-83FFDDA54955}.Debug|Any CPU.ActiveCfg = Debug|Any CPU
		{B18DD71A-D456-4D40-905E-83FFDDA54955}.Debug|Any CPU.Build.0 = Debug|Any CPU
		{B18DD71A-D456-4D40-905E-83FFDDA54955}.Release|Any CPU.ActiveCfg = Release|Any CPU
		{B18DD71A-D456-4D40-905E-83FFDDA54955}.Release|Any CPU.Build.0 = Release|Any CPU
	EndGlobalSection
	GlobalSection(SolutionProperties) = preSolution
		HideSolutionNode = FALSE
	EndGlobalSection
	GlobalSection(ExtensibilityGlobals) = postSolution
		SolutionGuid = {99E78A05-EC96-4216-9255-9A86E70DCEF6}
	EndGlobalSection
EndGlobal
